
Microsoft Visual Studio Solution File, Format Version 12.00
# Visual Studio Version 17
VisualStudioVersion = 17.9.34728.123
MinimumVisualStudioVersion = 10.0.40219.1
Project("{FAE04EC0-301F-11D3-BF4B-00C04F79EFBC}") = "ПР9", "ПР9.csproj", "{EB9A6114-A87D-475D-A7FE-33698D63674F}"
EndProject
Global
	GlobalSection(SolutionConfigurationPlatforms) = preSolution
		Debug|Any CPU = Debug|Any CPU
		Release|Any CPU = Release|Any CPU
	EndGlobalSection
	GlobalSection(ProjectConfigurationPlatforms) = postSolution
		{EB9A6114-A87D-475D-A7FE-33698D63674F}.Debug|Any CPU.ActiveCfg = Debug|Any CPU
		{EB9A6114-A87D-475D-A7FE-33698D63674F}.Debug|Any CPU.Build.0 = Debug|Any CPU
		{EB9A6114-A87D-475D-A7FE-33698D63674F}.Release|Any CPU.ActiveCfg = Release|Any CPU
		{EB9A6114-A87D-475D-A7FE-33698D63674F}.Release|Any CPU.Build.0 = Release|Any CPU
	EndGlobalSection
	GlobalSection(SolutionProperties) = preSolution
		HideSolutionNode = FALSE
	EndGlobalSection
	GlobalSection(ExtensibilityGlobals) = postSolution
		SolutionGuid = {7B98D892-E9B1-4358-AD09-893C7C4C1C24}
	EndGlobalSection
EndGlobal
